
Microsoft Visual Studio Solution File, Format Version 12.00
# Visual Studio Version 17
VisualStudioVersion = 17.8.34330.188
MinimumVisualStudioVersion = 10.0.40219.1
Project("{FAE04EC0-301F-11D3-BF4B-00C04F79EFBC}") = "TrafficPolice", "TrafficPolice\TrafficPolice.csproj", "{8C08BD2F-3D00-4D8A-AD56-AAE7314C7EEE}"
EndProject
Global
	GlobalSection(SolutionConfigurationPlatforms) = preSolution
		Debug|Any CPU = Debug|Any CPU
		Release|Any CPU = Release|Any CPU
	EndGlobalSection
	GlobalSection(ProjectConfigurationPlatforms) = postSolution
		{8C08BD2F-3D00-4D8A-AD56-AAE7314C7EEE}.Debug|Any CPU.ActiveCfg = Debug|Any CPU
		{8C08BD2F-3D00-4D8A-AD56-AAE7314C7EEE}.Debug|Any CPU.Build.0 = Debug|Any CPU
		{8C08BD2F-3D00-4D8A-AD56-AAE7314C7EEE}.Release|Any CPU.ActiveCfg = Release|Any CPU
		{8C08BD2F-3D00-4D8A-AD56-AAE7314C7EEE}.Release|Any CPU.Build.0 = Release|Any CPU
	EndGlobalSection
	GlobalSection(SolutionProperties) = preSolution
		HideSolutionNode = FALSE
	EndGlobalSection
	GlobalSection(ExtensibilityGlobals) = postSolution
		SolutionGuid = {7BA0154B-849A-4599-8D49-8B6BA2CAC320}
	EndGlobalSection
EndGlobal
